# This file is @generated by PDM.
# It is not intended for manual editing.

[metadata]
groups = ["default", "lint"]
strategy = ["inherit_metadata"]
lock_version = "4.5.0"
content_hash = "sha256:48874b422f477b323d3732e1f4611a4743f5a43e232584653f324904b35531c1"

[[metadata.targets]]
requires_python = ">=3.12"

[[package]]
name = "click"
version = "8.1.8"
requires_python = ">=3.7"
summary = "Composable command line interface toolkit"
groups = ["default"]
dependencies = [
    "colorama; platform_system == \"Windows\"",
    "importlib-metadata; python_version < \"3.8\"",
]
files = [
    {file = "click-8.1.8-py3-none-any.whl", hash = "sha256:63c132bbbed01578a06712a2d1f497bb62d9c1c0d329b7903a866228027263b2"},
    {file = "click-8.1.8.tar.gz", hash = "sha256:ed53c9d8990d83c2a27deae68e4ee337473f6330c040a31d4225c9574d16096a"},
]

[[package]]
name = "colorama"
version = "0.4.6"
requires_python = "!=3.0.*,!=3.1.*,!=3.2.*,!=3.3.*,!=3.4.*,!=3.5.*,!=3.6.*,>=2.7"
summary = "Cross-platform colored terminal text."
groups = ["default"]
marker = "platform_system == \"Windows\""
files = [
    {file = "colorama-0.4.6-py2.py3-none-any.whl", hash = "sha256:4f1d9991f5acc0ca119f9d443620b77f9d6b33703e51011c16baf57afb285fc6"},
    {file = "colorama-0.4.6.tar.gz", hash = "sha256:08695f5cb7ed6e0531a20572697297273c47b8cae5a63ffc6d6ed5c201be6e44"},
]

[[package]]
name = "numpy"
version = "2.2.2"
requires_python = ">=3.10"
summary = "Fundamental package for array computing in Python"
groups = ["default"]
files = [
    {file = "numpy-2.2.2-cp312-cp312-macosx_10_13_x86_64.whl", hash = "sha256:ac9bea18d6d58a995fac1b2cb4488e17eceeac413af014b1dd26170b766d8467"},
    {file = "numpy-2.2.2-cp312-cp312-macosx_11_0_arm64.whl", hash = "sha256:23ae9f0c2d889b7b2d88a3791f6c09e2ef827c2446f1c4a3e3e76328ee4afd9a"},
    {file = "numpy-2.2.2-cp312-cp312-macosx_14_0_arm64.whl", hash = "sha256:3074634ea4d6df66be04f6728ee1d173cfded75d002c75fac79503a880bf3825"},
    {file = "numpy-2.2.2-cp312-cp312-macosx_14_0_x86_64.whl", hash = "sha256:8ec0636d3f7d68520afc6ac2dc4b8341ddb725039de042faf0e311599f54eb37"},
    {file = "numpy-2.2.2-cp312-cp312-manylinux_2_17_aarch64.manylinux2014_aarch64.whl", hash = "sha256:2ffbb1acd69fdf8e89dd60ef6182ca90a743620957afb7066385a7bbe88dc748"},
    {file = "numpy-2.2.2-cp312-cp312-manylinux_2_17_x86_64.manylinux2014_x86_64.whl", hash = "sha256:0349b025e15ea9d05c3d63f9657707a4e1d471128a3b1d876c095f328f8ff7f0"},
    {file = "numpy-2.2.2-cp312-cp312-musllinux_1_2_aarch64.whl", hash = "sha256:463247edcee4a5537841d5350bc87fe8e92d7dd0e8c71c995d2c6eecb8208278"},
    {file = "numpy-2.2.2-cp312-cp312-musllinux_1_2_x86_64.whl", hash = "sha256:9dd47ff0cb2a656ad69c38da850df3454da88ee9a6fde0ba79acceee0e79daba"},
    {file = "numpy-2.2.2-cp312-cp312-win32.whl", hash = "sha256:4525b88c11906d5ab1b0ec1f290996c0020dd318af8b49acaa46f198b1ffc283"},
    {file = "numpy-2.2.2-cp312-cp312-win_amd64.whl", hash = "sha256:5acea83b801e98541619af398cc0109ff48016955cc0818f478ee9ef1c5c3dcb"},
    {file = "numpy-2.2.2-cp313-cp313-macosx_10_13_x86_64.whl", hash = "sha256:b208cfd4f5fe34e1535c08983a1a6803fdbc7a1e86cf13dd0c61de0b51a0aadc"},
    {file = "numpy-2.2.2-cp313-cp313-macosx_11_0_arm64.whl", hash = "sha256:d0bbe7dd86dca64854f4b6ce2ea5c60b51e36dfd597300057cf473d3615f2369"},
    {file = "numpy-2.2.2-cp313-cp313-macosx_14_0_arm64.whl", hash = "sha256:22ea3bb552ade325530e72a0c557cdf2dea8914d3a5e1fecf58fa5dbcc6f43cd"},
    {file = "numpy-2.2.2-cp313-cp313-macosx_14_0_x86_64.whl", hash = "sha256:128c41c085cab8a85dc29e66ed88c05613dccf6bc28b3866cd16050a2f5448be"},
    {file = "numpy-2.2.2-cp313-cp313-manylinux_2_17_aarch64.manylinux2014_aarch64.whl", hash = "sha256:250c16b277e3b809ac20d1f590716597481061b514223c7badb7a0f9993c7f84"},
    {file = "numpy-2.2.2-cp313-cp313-manylinux_2_17_x86_64.manylinux2014_x86_64.whl", hash = "sha256:e0c8854b09bc4de7b041148d8550d3bd712b5c21ff6a8ed308085f190235d7ff"},
    {file = "numpy-2.2.2-cp313-cp313-musllinux_1_2_aarch64.whl", hash = "sha256:b6fb9c32a91ec32a689ec6410def76443e3c750e7cfc3fb2206b985ffb2b85f0"},
    {file = "numpy-2.2.2-cp313-cp313-musllinux_1_2_x86_64.whl", hash = "sha256:57b4012e04cc12b78590a334907e01b3a85efb2107df2b8733ff1ed05fce71de"},
    {file = "numpy-2.2.2-cp313-cp313-win32.whl", hash = "sha256:4dbd80e453bd34bd003b16bd802fac70ad76bd463f81f0c518d1245b1c55e3d9"},
    {file = "numpy-2.2.2-cp313-cp313-win_amd64.whl", hash = "sha256:5a8c863ceacae696aff37d1fd636121f1a512117652e5dfb86031c8d84836369"},
    {file = "numpy-2.2.2-cp313-cp313t-macosx_10_13_x86_64.whl", hash = "sha256:b3482cb7b3325faa5f6bc179649406058253d91ceda359c104dac0ad320e1391"},
    {file = "numpy-2.2.2-cp313-cp313t-macosx_11_0_arm64.whl", hash = "sha256:9491100aba630910489c1d0158034e1c9a6546f0b1340f716d522dc103788e39"},
    {file = "numpy-2.2.2-cp313-cp313t-macosx_14_0_arm64.whl", hash = "sha256:41184c416143defa34cc8eb9d070b0a5ba4f13a0fa96a709e20584638254b317"},
    {file = "numpy-2.2.2-cp313-cp313t-macosx_14_0_x86_64.whl", hash = "sha256:7dca87ca328f5ea7dafc907c5ec100d187911f94825f8700caac0b3f4c384b49"},
    {file = "numpy-2.2.2-cp313-cp313t-manylinux_2_17_aarch64.manylinux2014_aarch64.whl", hash = "sha256:0bc61b307655d1a7f9f4b043628b9f2b721e80839914ede634e3d485913e1fb2"},
    {file = "numpy-2.2.2-cp313-cp313t-manylinux_2_17_x86_64.manylinux2014_x86_64.whl", hash = "sha256:9fad446ad0bc886855ddf5909cbf8cb5d0faa637aaa6277fb4b19ade134ab3c7"},
    {file = "numpy-2.2.2-cp313-cp313t-musllinux_1_2_aarch64.whl", hash = "sha256:149d1113ac15005652e8d0d3f6fd599360e1a708a4f98e43c9c77834a28238cb"},
    {file = "numpy-2.2.2-cp313-cp313t-musllinux_1_2_x86_64.whl", hash = "sha256:106397dbbb1896f99e044efc90360d098b3335060375c26aa89c0d8a97c5f648"},
    {file = "numpy-2.2.2-cp313-cp313t-win32.whl", hash = "sha256:0eec19f8af947a61e968d5429f0bd92fec46d92b0008d0a6685b40d6adf8a4f4"},
    {file = "numpy-2.2.2-cp313-cp313t-win_amd64.whl", hash = "sha256:97b974d3ba0fb4612b77ed35d7627490e8e3dff56ab41454d9e8b23448940576"},
    {file = "numpy-2.2.2.tar.gz", hash = "sha256:ed6906f61834d687738d25988ae117683705636936cc605be0bb208b23df4d8f"},
]

[[package]]
name = "ruff"
version = "0.9.4"
requires_python = ">=3.7"
summary = "An extremely fast Python linter and code formatter, written in Rust."
groups = ["lint"]
files = [
    {file = "ruff-0.9.4-py3-none-linux_armv6l.whl", hash = "sha256:64e73d25b954f71ff100bb70f39f1ee09e880728efb4250c632ceed4e4cdf706"},
    {file = "ruff-0.9.4-py3-none-macosx_10_12_x86_64.whl", hash = "sha256:6ce6743ed64d9afab4fafeaea70d3631b4d4b28b592db21a5c2d1f0ef52934bf"},
    {file = "ruff-0.9.4-py3-none-macosx_11_0_arm64.whl", hash = "sha256:54499fb08408e32b57360f6f9de7157a5fec24ad79cb3f42ef2c3f3f728dfe2b"},
    {file = "ruff-0.9.4-py3-none-manylinux_2_17_aarch64.manylinux2014_aarch64.whl", hash = "sha256:37c892540108314a6f01f105040b5106aeb829fa5fb0561d2dcaf71485021137"},
    {file = "ruff-0.9.4-py3-none-manylinux_2_17_armv7l.manylinux2014_armv7l.whl", hash = "sha256:de9edf2ce4b9ddf43fd93e20ef635a900e25f622f87ed6e3047a664d0e8f810e"},
    {file = "ruff-0.9.4-py3-none-manylinux_2_17_i686.manylinux2014_i686.whl", hash = "sha256:87c90c32357c74f11deb7fbb065126d91771b207bf9bfaaee01277ca59b574ec"},
    {file = "ruff-0.9.4-py3-none-manylinux_2_17_ppc64.manylinux2014_ppc64.whl", hash = "sha256:56acd6c694da3695a7461cc55775f3a409c3815ac467279dfa126061d84b314b"},
    {file = "ruff-0.9.4-py3-none-manylinux_2_17_ppc64le.manylinux2014_ppc64le.whl", hash = "sha256:e0c93e7d47ed951b9394cf352d6695b31498e68fd5782d6cbc282425655f687a"},
    {file = "ruff-0.9.4-py3-none-manylinux_2_17_s390x.manylinux2014_s390x.whl", hash = "sha256:1d4c8772670aecf037d1bf7a07c39106574d143b26cfe5ed1787d2f31e800214"},
    {file = "ruff-0.9.4-py3-none-manylinux_2_17_x86_64.manylinux2014_x86_64.whl", hash = "sha256:bfc5f1d7afeda8d5d37660eeca6d389b142d7f2b5a1ab659d9214ebd0e025231"},
    {file = "ruff-0.9.4-py3-none-musllinux_1_2_aarch64.whl", hash = "sha256:faa935fc00ae854d8b638c16a5f1ce881bc3f67446957dd6f2af440a5fc8526b"},
    {file = "ruff-0.9.4-py3-none-musllinux_1_2_armv7l.whl", hash = "sha256:a6c634fc6f5a0ceae1ab3e13c58183978185d131a29c425e4eaa9f40afe1e6d6"},
    {file = "ruff-0.9.4-py3-none-musllinux_1_2_i686.whl", hash = "sha256:433dedf6ddfdec7f1ac7575ec1eb9844fa60c4c8c2f8887a070672b8d353d34c"},
    {file = "ruff-0.9.4-py3-none-musllinux_1_2_x86_64.whl", hash = "sha256:d612dbd0f3a919a8cc1d12037168bfa536862066808960e0cc901404b77968f0"},
    {file = "ruff-0.9.4-py3-none-win32.whl", hash = "sha256:db1192ddda2200671f9ef61d9597fcef89d934f5d1705e571a93a67fb13a4402"},
    {file = "ruff-0.9.4-py3-none-win_amd64.whl", hash = "sha256:05bebf4cdbe3ef75430d26c375773978950bbf4ee3c95ccb5448940dc092408e"},
    {file = "ruff-0.9.4-py3-none-win_arm64.whl", hash = "sha256:585792f1e81509e38ac5123492f8875fbc36f3ede8185af0a26df348e5154f41"},
    {file = "ruff-0.9.4.tar.gz", hash = "sha256:6907ee3529244bb0ed066683e075f09285b38dd5b4039370df6ff06041ca19e7"},
]
